PODS:
  - Flutter (1.0.0)
  - flutter_biometrics (0.0.1):
    - Flutter

DEPENDENCIES:
  - Flutter (from `Flutter`)
  - flutter_biometrics (from `.symlinks/plugins/flutter_biometrics/ios`)

EXTERNAL SOURCES:
  Flutter:
    :path: Flutter
  flutter_biometrics:
    :path: ".symlinks/plugins/flutter_biometrics/ios"

SPEC CHECKSUMS:
  Flutter: 0e3d915762c693b495b44d77113d4970485de6ec
  flutter_biometrics: 41ab10320a28ec426c7ee860a7352c2ac85b1ea0

PODFILE CHECKSUM: aafe91acc616949ddb318b77800a7f51bffa2a4c

COCOAPODS: 1.10.0
