PODS:
  - Flutter (1.0.0)
  - flutter_biometrics (0.0.1):
    - Flutter

DEPENDENCIES:
  - Flutter (from `.symlinks/flutter/ios-release`)
  - flutter_biometrics (from `.symlinks/plugins/flutter_biometrics/ios`)

EXTERNAL SOURCES:
  Flutter:
    :path: ".symlinks/flutter/ios-release"
  flutter_biometrics:
    :path: ".symlinks/plugins/flutter_biometrics/ios"

SPEC CHECKSUMS:
  Flutter: 0e3d915762c693b495b44d77113d4970485de6ec
  flutter_biometrics: 2bb5c7f3557476fdcde6801ea94eecc6e66dabef

PODFILE CHECKSUM: 7fb83752f59ead6285236625b82473f90b1cb932

COCOAPODS: 1.8.4
